
Microsoft Visual Studio Solution File, Format Version 12.00
# Visual Studio 15
VisualStudioVersion = 15.0.26730.12
MinimumVisualStudioVersion = 10.0.40219.1
Project("{FAE04EC0-301F-11D3-BF4B-00C04F79EFBC}") = "AndroidMobile", "AndroidMobile\AndroidMobile.csproj", "{C1CA5FA4-74E4-4B33-872A-41BBCFFE8E1D}"
EndProject
Global
	GlobalSection(SolutionConfigurationPlatforms) = preSolution
		Debug|Any CPU = Debug|Any CPU
		Release|Any CPU = Release|Any CPU
	EndGlobalSection
	GlobalSection(ProjectConfigurationPlatforms) = postSolution
		{C1CA5FA4-74E4-4B33-872A-41BBCFFE8E1D}.Debug|Any CPU.ActiveCfg = Debug|Any CPU
		{C1CA5FA4-74E4-4B33-872A-41BBCFFE8E1D}.Debug|Any CPU.Build.0 = Debug|Any CPU
		{C1CA5FA4-74E4-4B33-872A-41BBCFFE8E1D}.Debug|Any CPU.Deploy.0 = Debug|Any CPU
		{C1CA5FA4-74E4-4B33-872A-41BBCFFE8E1D}.Release|Any CPU.ActiveCfg = Release|Any CPU
		{C1CA5FA4-74E4-4B33-872A-41BBCFFE8E1D}.Release|Any CPU.Build.0 = Release|Any CPU
		{C1CA5FA4-74E4-4B33-872A-41BBCFFE8E1D}.Release|Any CPU.Deploy.0 = Release|Any CPU
	EndGlobalSection
	GlobalSection(SolutionProperties) = preSolution
		HideSolutionNode = FALSE
	EndGlobalSection
	GlobalSection(ExtensibilityGlobals) = postSolution
		SolutionGuid = {84830C58-AFA0-491A-AA49-0DBD22ED55FE}
	EndGlobalSection
EndGlobal
